// !$*UTF8*$!
{
	archiveVersion = 1;
	classes = {
	};
	objectVersion = 50;
	objects = {

/* Begin PBXBuildFile section */
		9F93497022FAC10900C281BC /* AppDelegate.swift in Sources */ = {isa = PBXBuildFile; fileRef = 9F93496F22FAC10900C281BC /* AppDelegate.swift */; };
		9F93497222FAC10900C281BC /* HomeViewController.swift in Sources */ = {isa = PBXBuildFile; fileRef = 9F93497122FAC10900C281BC /* HomeViewController.swift */; };
		9F93497522FAC10900C281BC /* Main.storyboard in Resources */ = {isa = PBXBuildFile; fileRef = 9F93497322FAC10900C281BC /* Main.storyboard */; };
		9F93497722FAC10A00C281BC /* Assets.xcassets in Resources */ = {isa = PBXBuildFile; fileRef = 9F93497622FAC10A00C281BC /* Assets.xcassets */; };
		9F93497A22FAC10A00C281BC /* LaunchScreen.storyboard in Resources */ = {isa = PBXBuildFile; fileRef = 9F93497822FAC10A00C281BC /* LaunchScreen.storyboard */; };
		9F93498222FAC42900C281BC /* ScannerViewController.swift in Sources */ = {isa = PBXBuildFile; fileRef = 9F93498122FAC42900C281BC /* ScannerViewController.swift */; };
		9F93498422FACF0600C281BC /* ItemAddingController.swift in Sources */ = {isa = PBXBuildFile; fileRef = 9F93498322FACF0600C281BC /* ItemAddingController.swift */; };
		9FB060AB22FE6F7D005F04A4 /* Utils.swift in Sources */ = {isa = PBXBuildFile; fileRef = 9FB060AA22FE6F7D005F04A4 /* Utils.swift */; };
		9FB060B122FEB86C005F04A4 /* arrow-pointing-to-right.png in Resources */ = {isa = PBXBuildFile; fileRef = 9FB060B022FEB86C005F04A4 /* arrow-pointing-to-right.png */; };
		9FCCCDB722FD371400D837F9 /* ListMakingController.swift in Sources */ = {isa = PBXBuildFile; fileRef = 9FCCCDB622FD371400D837F9 /* ListMakingController.swift */; };
		9FCCCDB922FD4B9400D837F9 /* storage_data.csv in Resources */ = {isa = PBXBuildFile; fileRef = 9FCCCDB822FD4B9400D837F9 /* storage_data.csv */; };
/* End PBXBuildFile section */

/* Begin PBXFileReference section */
		9F93496C22FAC10900C281BC /* Inventory Management System.app */ = {isa = PBXFileReference; explicitFileType = wrapper.application; includeInIndex = 0; path = "Inventory Management System.app"; sourceTree = BUILT_PRODUCTS_DIR; };
		9F93496F22FAC10900C281BC /* AppDelegate.swift */ = {isa = PBXFileReference; lastKnownFileType = sourcecode.swift; path = AppDelegate.swift; sourceTree = "<group>"; };
		9F93497122FAC10900C281BC /* HomeViewController.swift */ = {isa = PBXFileReference; lastKnownFileType = sourcecode.swift; path = HomeViewController.swift; sourceTree = "<group>"; };
		9F93497422FAC10900C281BC /* Base */ = {isa = PBXFileReference; lastKnownFileType = file.storyboard; name = Base; path = Base.lproj/Main.storyboard; sourceTree = "<group>"; };
		9F93497622FAC10A00C281BC /* Assets.xcassets */ = {isa = PBXFileReference; lastKnownFileType = folder.assetcatalog; path = Assets.xcassets; sourceTree = "<group>"; };
		9F93497922FAC10A00C281BC /* Base */ = {isa = PBXFileReference; lastKnownFileType = file.storyboard; name = Base; path = Base.lproj/LaunchScreen.storyboard; sourceTree = "<group>"; };
		9F93497B22FAC10A00C281BC /* Info.plist */ = {isa = PBXFileReference; lastKnownFileType = text.plist.xml; path = Info.plist; sourceTree = "<group>"; };
		9F93498122FAC42900C281BC /* ScannerViewController.swift */ = {isa = PBXFileReference; lastKnownFileType = sourcecode.swift; path = ScannerViewController.swift; sourceTree = "<group>"; };
		9F93498322FACF0600C281BC /* ItemAddingController.swift */ = {isa = PBXFileReference; lastKnownFileType = sourcecode.swift; path = ItemAddingController.swift; sourceTree = "<group>"; };
		9FB060AA22FE6F7D005F04A4 /* Utils.swift */ = {isa = PBXFileReference; lastKnownFileType = sourcecode.swift; path = Utils.swift; sourceTree = "<group>"; };
		9FB060B022FEB86C005F04A4 /* arrow-pointing-to-right.png */ = {isa = PBXFileReference; lastKnownFileType = image.png; path = "arrow-pointing-to-right.png"; sourceTree = "<group>"; };
		9FCCCDB622FD371400D837F9 /* ListMakingController.swift */ = {isa = PBXFileReference; lastKnownFileType = sourcecode.swift; path = ListMakingController.swift; sourceTree = "<group>"; };
		9FCCCDB822FD4B9400D837F9 /* storage_data.csv */ = {isa = PBXFileReference; fileEncoding = 4; lastKnownFileType = text; path = storage_data.csv; sourceTree = "<group>"; };
/* End PBXFileReference section */

/* Begin PBXFrameworksBuildPhase section */
		9F93496922FAC10900C281BC /* Frameworks */ = {
			isa = PBXFrameworksBuildPhase;
			buildActionMask = 2147483647;
			files = (
			);
			runOnlyForDeploymentPostprocessing = 0;
		};
/* End PBXFrameworksBuildPhase section */

/* Begin PBXGroup section */
		9F93496322FAC10900C281BC = {
			isa = PBXGroup;
			children = (
				9F93496E22FAC10900C281BC /* Inventory Management System */,
				9F93496D22FAC10900C281BC /* Products */,
			);
			sourceTree = "<group>";
		};
		9F93496D22FAC10900C281BC /* Products */ = {
			isa = PBXGroup;
			children = (
				9F93496C22FAC10900C281BC /* Inventory Management System.app */,
			);
			name = Products;
			sourceTree = "<group>";
		};
		9F93496E22FAC10900C281BC /* Inventory Management System */ = {
			isa = PBXGroup;
			children = (
				9F93496F22FAC10900C281BC /* AppDelegate.swift */,
				9F93497122FAC10900C281BC /* HomeViewController.swift */,
				9F93497322FAC10900C281BC /* Main.storyboard */,
				9F93497622FAC10A00C281BC /* Assets.xcassets */,
				9F93497822FAC10A00C281BC /* LaunchScreen.storyboard */,
				9F93497B22FAC10A00C281BC /* Info.plist */,
				9F93498122FAC42900C281BC /* ScannerViewController.swift */,
				9F93498322FACF0600C281BC /* ItemAddingController.swift */,
				9FCCCDB622FD371400D837F9 /* ListMakingController.swift */,
				9FCCCDB822FD4B9400D837F9 /* storage_data.csv */,
				9FB060AA22FE6F7D005F04A4 /* Utils.swift */,
				9FB060B022FEB86C005F04A4 /* arrow-pointing-to-right.png */,
			);
			path = "Inventory Management System";
			sourceTree = "<group>";
		};
/* End PBXGroup section */

/* Begin PBXNativeTarget section */
		9F93496B22FAC10900C281BC /* Inventory Management System */ = {
			isa = PBXNativeTarget;
			buildConfigurationList = 9F93497E22FAC10A00C281BC /* Build configuration list for PBXNativeTarget "Inventory Management System" */;
			buildPhases = (
				9F93496822FAC10900C281BC /* Sources */,
				9F93496922FAC10900C281BC /* Frameworks */,
				9F93496A22FAC10900C281BC /* Resources */,
			);
			buildRules = (
			);
			dependencies = (
			);
			name = "Inventory Management System";
			productName = "Inventory Management System";
			productReference = 9F93496C22FAC10900C281BC /* Inventory Management System.app */;
			productType = "com.apple.product-type.application";
		};
/* End PBXNativeTarget section */

/* Begin PBXProject section */
		9F93496422FAC10900C281BC /* Project object */ = {
			isa = PBXProject;
			attributes = {
				LastSwiftUpdateCheck = 1020;
				LastUpgradeCheck = 1020;
				ORGANIZATIONNAME = MountainPeak;
				TargetAttributes = {
					9F93496B22FAC10900C281BC = {
						CreatedOnToolsVersion = 10.2.1;
					};
				};
			};
			buildConfigurationList = 9F93496722FAC10900C281BC /* Build configuration list for PBXProject "Inventory Management System" */;
			compatibilityVersion = "Xcode 9.3";
			developmentRegion = en;
			hasScannedForEncodings = 0;
			knownRegions = (
				en,
				Base,
			);
			mainGroup = 9F93496322FAC10900C281BC;
			productRefGroup = 9F93496D22FAC10900C281BC /* Products */;
			projectDirPath = "";
			projectRoot = "";
			targets = (
				9F93496B22FAC10900C281BC /* Inventory Management System */,
			);
		};
/* End PBXProject section */

/* Begin PBXResourcesBuildPhase section */
		9F93496A22FAC10900C281BC /* Resources */ = {
			isa = PBXResourcesBuildPhase;
			buildActionMask = 2147483647;
			files = (
				9F93497A22FAC10A00C281BC /* LaunchScreen.storyboard in Resources */,
				9F93497722FAC10A00C281BC /* Assets.xcassets in Resources */,
				9FCCCDB922FD4B9400D837F9 /* storage_data.csv in Resources */,
				9FB060B122FEB86C005F04A4 /* arrow-pointing-to-right.png in Resources */,
				9F93497522FAC10900C281BC /* Main.storyboard in Resources */,
			);
			runOnlyForDeploymentPostprocessing = 0;
		};
/* End PBXResourcesBuildPhase section */

/* Begin PBXSourcesBuildPhase section */
		9F93496822FAC10900C281BC /* Sources */ = {
			isa = PBXSourcesBuildPhase;
			buildActionMask = 2147483647;
			files = (
				9F93498422FACF0600C281BC /* ItemAddingController.swift in Sources */,
				9F93497222FAC10900C281BC /* HomeViewController.swift in Sources */,
				9F93498222FAC42900C281BC /* ScannerViewController.swift in Sources */,
				9F93497022FAC10900C281BC /* AppDelegate.swift in Sources */,
				9FCCCDB722FD371400D837F9 /* ListMakingController.swift in Sources */,
				9FB060AB22FE6F7D005F04A4 /* Utils.swift in Sources */,
			);
			runOnlyForDeploymentPostprocessing = 0;
		};
/* End PBXSourcesBuildPhase section */

/* Begin PBXVariantGroup section */
		9F93497322FAC10900C281BC /* Main.storyboard */ = {
			isa = PBXVariantGroup;
			children = (
				9F93497422FAC10900C281BC /* Base */,
			);
			name = Main.storyboard;
			sourceTree = "<group>";
		};
		9F93497822FAC10A00C281BC /* LaunchScreen.storyboard */ = {
			isa = PBXVariantGroup;
			children = (
				9F93497922FAC10A00C281BC /* Base */,
			);
			name = LaunchScreen.storyboard;
			sourceTree = "<group>";
		};
/* End PBXVariantGroup section */

/* Begin XCBuildConfiguration section */
		9F93497C22FAC10A00C281BC /* Debug */ = {
			isa = XCBuildConfiguration;
			buildSettings = {
				ALWAYS_SEARCH_USER_PATHS = NO;
				CLANG_ANALYZER_NONNULL = YES;
				CLANG_ANALYZER_NUMBER_OBJECT_CONVERSION = YES_AGGRESSIVE;
				CLANG_CXX_LANGUAGE_STANDARD = "gnu++14";
				CLANG_CXX_LIBRARY = "libc++";
				CLANG_ENABLE_MODULES = YES;
				CLANG_ENABLE_OBJC_ARC = YES;
				CLANG_ENABLE_OBJC_WEAK = YES;
				CLANG_WARN_BLOCK_CAPTURE_AUTORELEASING = YES;
				CLANG_WARN_BOOL_CONVERSION = YES;
				CLANG_WARN_COMMA = YES;
				CLANG_WARN_CONSTANT_CONVERSION = YES;
				CLANG_WARN_DEPRECATED_OBJC_IMPLEMENTATIONS = YES;
				CLANG_WARN_DIRECT_OBJC_ISA_USAGE = YES_ERROR;
				CLANG_WARN_DOCUMENTATION_COMMENTS = YES;
				CLANG_WARN_EMPTY_BODY = YES;
				CLANG_WARN_ENUM_CONVERSION = YES;
				CLANG_WARN_INFINITE_RECURSION = YES;
				CLANG_WARN_INT_CONVERSION = YES;
				CLANG_WARN_NON_LITERAL_NULL_CONVERSION = YES;
				CLANG_WARN_OBJC_IMPLICIT_RETAIN_SELF = YES;
				CLANG_WARN_OBJC_LITERAL_CONVERSION = YES;
				CLANG_WARN_OBJC_ROOT_CLASS = YES_ERROR;
				CLANG_WARN_RANGE_LOOP_ANALYSIS = YES;
				CLANG_WARN_STRICT_PROTOTYPES = YES;
				CLANG_WARN_SUSPICIOUS_MOVE = YES;
				CLANG_WARN_UNGUARDED_AVAILABILITY = YES_AGGRESSIVE;
				CLANG_WARN_UNREACHABLE_CODE = YES;
				CLANG_WARN__DUPLICATE_METHOD_MATCH = YES;
				CODE_SIGN_IDENTITY = "iPhone Developer";
				COPY_PHASE_STRIP = NO;
				DEBUG_INFORMATION_FORMAT = dwarf;
				ENABLE_STRICT_OBJC_MSGSEND = YES;
				ENABLE_TESTABILITY = YES;
				GCC_C_LANGUAGE_STANDARD = gnu11;
				GCC_DYNAMIC_NO_PIC = NO;
				GCC_NO_COMMON_BLOCKS = YES;
				GCC_OPTIMIZATION_LEVEL = 0;
				GCC_PREPROCESSOR_DEFINITIONS = (
					"DEBUG=1",
					"$(inherited)",
				);
				GCC_WARN_64_TO_32_BIT_CONVERSION = YES;
				GCC_WARN_ABOUT_RETURN_TYPE = YES_ERROR;
				GCC_WARN_UNDECLARED_SELECTOR = YES;
				GCC_WARN_UNINITIALIZED_AUTOS = YES_AGGRESSIVE;
				GCC_WARN_UNUSED_FUNCTION = YES;
				GCC_WARN_UNUSED_VARIABLE = YES;
				IPHONEOS_DEPLOYMENT_TARGET = 12.2;
				MTL_ENABLE_DEBUG_INFO = INCLUDE_SOURCE;
				MTL_FAST_MATH = YES;
				ONLY_ACTIVE_ARCH = YES;
				SDKROOT = iphoneos;
				SWIFT_ACTIVE_COMPILATION_CONDITIONS = DEBUG;
				SWIFT_OPTIMIZATION_LEVEL = "-Onone";
			};
			name = Debug;
		};
		9F93497D22FAC10A00C281BC /* Release */ = {
			isa = XCBuildConfiguration;
			buildSettings = {
				ALWAYS_SEARCH_USER_PATHS = NO;
				CLANG_ANALYZER_NONNULL = YES;
				CLANG_ANALYZER_NUMBER_OBJECT_CONVERSION = YES_AGGRESSIVE;
				CLANG_CXX_LANGUAGE_STANDARD = "gnu++14";
				CLANG_CXX_LIBRARY = "libc++";
				CLANG_ENABLE_MODULES = YES;
				CLANG_ENABLE_OBJC_ARC = YES;
				CLANG_ENABLE_OBJC_WEAK = YES;
				CLANG_WARN_BLOCK_CAPTURE_AUTORELEASING = YES;
				CLANG_WARN_BOOL_CONVERSION = YES;
				CLANG_WARN_COMMA = YES;
				CLANG_WARN_CONSTANT_CONVERSION = YES;
				CLANG_WARN_DEPRECATED_OBJC_IMPLEMENTATIONS = YES;
				CLANG_WARN_DIRECT_OBJC_ISA_USAGE = YES_ERROR;
				CLANG_WARN_DOCUMENTATION_COMMENTS = YES;
				CLANG_WARN_EMPTY_BODY = YES;
				CLANG_WARN_ENUM_CONVERSION = YES;
				CLANG_WARN_INFINITE_RECURSION = YES;
				CLANG_WARN_INT_CONVERSION = YES;
				CLANG_WARN_NON_LITERAL_NULL_CONVERSION = YES;
				CLANG_WARN_OBJC_IMPLICIT_RETAIN_SELF = YES;
				CLANG_WARN_OBJC_LITERAL_CONVERSION = YES;
				CLANG_WARN_OBJC_ROOT_CLASS = YES_ERROR;
				CLANG_WARN_RANGE_LOOP_ANALYSIS = YES;
				CLANG_WARN_STRICT_PROTOTYPES = YES;
				CLANG_WARN_SUSPICIOUS_MOVE = YES;
				CLANG_WARN_UNGUARDED_AVAILABILITY = YES_AGGRESSIVE;
				CLANG_WARN_UNREACHABLE_CODE = YES;
				CLANG_WARN__DUPLICATE_METHOD_MATCH = YES;
				CODE_SIGN_IDENTITY = "iPhone Developer";
				COPY_PHASE_STRIP = NO;
				DEBUG_INFORMATION_FORMAT = "dwarf-with-dsym";
				ENABLE_NS_ASSERTIONS = NO;
				ENABLE_STRICT_OBJC_MSGSEND = YES;
				GCC_C_LANGUAGE_STANDARD = gnu11;
				GCC_NO_COMMON_BLOCKS = YES;
				GCC_WARN_64_TO_32_BIT_CONVERSION = YES;
				GCC_WARN_ABOUT_RETURN_TYPE = YES_ERROR;
				GCC_WARN_UNDECLARED_SELECTOR = YES;
				GCC_WARN_UNINITIALIZED_AUTOS = YES_AGGRESSIVE;
				GCC_WARN_UNUSED_FUNCTION = YES;
				GCC_WARN_UNUSED_VARIABLE = YES;
				IPHONEOS_DEPLOYMENT_TARGET = 12.2;
				MTL_ENABLE_DEBUG_INFO = NO;
				MTL_FAST_MATH = YES;
				SDKROOT = iphoneos;
				SWIFT_COMPILATION_MODE = wholemodule;
				SWIFT_OPTIMIZATION_LEVEL = "-O";
				VALIDATE_PRODUCT = YES;
			};
			name = Release;
		};
		9F93497F22FAC10A00C281BC /* Debug */ = {
			isa = XCBuildConfiguration;
			buildSettings = {
				ASSETCATALOG_COMPILER_APPICON_NAME = AppIcon;
				CODE_SIGN_STYLE = Automatic;
				DEVELOPMENT_TEAM = JM9Z96NGQR;
				INFOPLIST_FILE = "Inventory Management System/Info.plist";
				LD_RUNPATH_SEARCH_PATHS = (
					"$(inherited)",
					"@executable_path/Frameworks",
				);
				PRODUCT_BUNDLE_IDENTIFIER = "MountainPeak.Inventory-Management-System";
				PRODUCT_NAME = "$(TARGET_NAME)";
				SWIFT_VERSION = 5.0;
				TARGETED_DEVICE_FAMILY = "1,2";
			};
			name = Debug;
		};
		9F93498022FAC10A00C281BC /* Release */ = {
			isa = XCBuildConfiguration;
			buildSettings = {
				ASSETCATALOG_COMPILER_APPICON_NAME = AppIcon;
				CODE_SIGN_STYLE = Automatic;
				DEVELOPMENT_TEAM = JM9Z96NGQR;
				INFOPLIST_FILE = "Inventory Management System/Info.plist";
				LD_RUNPATH_SEARCH_PATHS = (
					"$(inherited)",
					"@executable_path/Frameworks",
				);
				PRODUCT_BUNDLE_IDENTIFIER = "MountainPeak.Inventory-Management-System";
				PRODUCT_NAME = "$(TARGET_NAME)";
				SWIFT_VERSION = 5.0;
				TARGETED_DEVICE_FAMILY = "1,2";
			};
			name = Release;
		};
/* End XCBuildConfiguration section */

/* Begin XCConfigurationList section */
		9F93496722FAC10900C281BC /* Build configuration list for PBXProject "Inventory Management System" */ = {
			isa = XCConfigurationList;
			buildConfigurations = (
				9F93497C22FAC10A00C281BC /* Debug */,
				9F93497D22FAC10A00C281BC /* Release */,
			);
			defaultConfigurationIsVisible = 0;
			defaultConfigurationName = Release;
		};
		9F93497E22FAC10A00C281BC /* Build configuration list for PBXNativeTarget "Inventory Management System" */ = {
			isa = XCConfigurationList;
			buildConfigurations = (
				9F93497F22FAC10A00C281BC /* Debug */,
				9F93498022FAC10A00C281BC /* Release */,
			);
			defaultConfigurationIsVisible = 0;
			defaultConfigurationName = Release;
		};
/* End XCConfigurationList section */
	};
	rootObject = 9F93496422FAC10900C281BC /* Project object */;
}
